
Microsoft Visual Studio Solution File, Format Version 12.00
# Visual Studio Version 17
VisualStudioVersion = 17.8.34330.188
MinimumVisualStudioVersion = 10.0.40219.1
Project("{FAE04EC0-301F-11D3-BF4B-00C04F79EFBC}") = "GigECameraDemo_2019", "GigECameraDemo_2019.csproj", "{9F4983BD-0FBD-4492-90BC-6E9F4D1E7FAB}"
EndProject
Global
	GlobalSection(SolutionConfigurationPlatforms) = preSolution
		Debug|Any CPU = Debug|Any CPU
		Release|Any CPU = Release|Any CPU
	EndGlobalSection
	GlobalSection(ProjectConfigurationPlatforms) = postSolution
		{9F4983BD-0FBD-4492-90BC-6E9F4D1E7FAB}.Debug|Any CPU.ActiveCfg = Debug|Any CPU
		{9F4983BD-0FBD-4492-90BC-6E9F4D1E7FAB}.Debug|Any CPU.Build.0 = Debug|Any CPU
		{9F4983BD-0FBD-4492-90BC-6E9F4D1E7FAB}.Release|Any CPU.ActiveCfg = Release|Any CPU
		{9F4983BD-0FBD-4492-90BC-6E9F4D1E7FAB}.Release|Any CPU.Build.0 = Release|Any CPU
	EndGlobalSection
	GlobalSection(SolutionProperties) = preSolution
		HideSolutionNode = FALSE
	EndGlobalSection
	GlobalSection(ExtensibilityGlobals) = postSolution
		SolutionGuid = {EF0AAE9B-FE0E-4204-B5D3-267F8446A0BA}
	EndGlobalSection
EndGlobal
